
Microsoft Visual Studio Solution File, Format Version 12.00
# Visual Studio Version 17
VisualStudioVersion = 17.2.32602.215
MinimumVisualStudioVersion = 10.0.40219.1
Project("{FAE04EC0-301F-11D3-BF4B-00C04F79EFBC}") = "lab5", "lab5\lab5.csproj", "{9946D96C-B87E-400B-9983-E4E23B44CE7F}"
EndProject
Project("{FAE04EC0-301F-11D3-BF4B-00C04F79EFBC}") = "LabsLibrary", "LabsLibrary\LabsLibrary.csproj", "{92761BBA-0BC5-4B4E-ABFE-1FBC5B74488D}"
EndProject
Global
	GlobalSection(SolutionConfigurationPlatforms) = preSolution
		Debug|Any CPU = Debug|Any CPU
		Release|Any CPU = Release|Any CPU
	EndGlobalSection
	GlobalSection(ProjectConfigurationPlatforms) = postSolution
		{9946D96C-B87E-400B-9983-E4E23B44CE7F}.Debug|Any CPU.ActiveCfg = Debug|Any CPU
		{9946D96C-B87E-400B-9983-E4E23B44CE7F}.Debug|Any CPU.Build.0 = Debug|Any CPU
		{9946D96C-B87E-400B-9983-E4E23B44CE7F}.Release|Any CPU.ActiveCfg = Release|Any CPU
		{9946D96C-B87E-400B-9983-E4E23B44CE7F}.Release|Any CPU.Build.0 = Release|Any CPU
		{92761BBA-0BC5-4B4E-ABFE-1FBC5B74488D}.Debug|Any CPU.ActiveCfg = Debug|Any CPU
		{92761BBA-0BC5-4B4E-ABFE-1FBC5B74488D}.Debug|Any CPU.Build.0 = Debug|Any CPU
		{92761BBA-0BC5-4B4E-ABFE-1FBC5B74488D}.Release|Any CPU.ActiveCfg = Release|Any CPU
		{92761BBA-0BC5-4B4E-ABFE-1FBC5B74488D}.Release|Any CPU.Build.0 = Release|Any CPU
	EndGlobalSection
	GlobalSection(SolutionProperties) = preSolution
		HideSolutionNode = FALSE
	EndGlobalSection
	GlobalSection(ExtensibilityGlobals) = postSolution
		SolutionGuid = {90F82E1C-7BE0-4099-B6A0-345D9523E0FF}
	EndGlobalSection
EndGlobal
