
Microsoft Visual Studio Solution File, Format Version 12.00
# Visual Studio Version 17
VisualStudioVersion = 17.2.32602.215
MinimumVisualStudioVersion = 10.0.40219.1
Project("{FAE04EC0-301F-11D3-BF4B-00C04F79EFBC}") = "lab2", "lab2\lab2.csproj", "{799337FA-052E-41E7-BD04-CC5DCC76A5B5}"
EndProject
Global
	GlobalSection(SolutionConfigurationPlatforms) = preSolution
		Debug|Any CPU = Debug|Any CPU
		Release|Any CPU = Release|Any CPU
	EndGlobalSection
	GlobalSection(ProjectConfigurationPlatforms) = postSolution
		{799337FA-052E-41E7-BD04-CC5DCC76A5B5}.Debug|Any CPU.ActiveCfg = Debug|Any CPU
		{799337FA-052E-41E7-BD04-CC5DCC76A5B5}.Debug|Any CPU.Build.0 = Debug|Any CPU
		{799337FA-052E-41E7-BD04-CC5DCC76A5B5}.Release|Any CPU.ActiveCfg = Release|Any CPU
		{799337FA-052E-41E7-BD04-CC5DCC76A5B5}.Release|Any CPU.Build.0 = Release|Any CPU
	EndGlobalSection
	GlobalSection(SolutionProperties) = preSolution
		HideSolutionNode = FALSE
	EndGlobalSection
	GlobalSection(ExtensibilityGlobals) = postSolution
		SolutionGuid = {D13A89B2-0002-4AA2-B1C0-B837BDDBAA40}
	EndGlobalSection
EndGlobal
